// !$*UTF8*$!
{
	archiveVersion = 1;
	classes = {
	};
	objectVersion = 77;
	objects = {

/* Begin PBXContainerItemProxy section */
		E381AC4B2E6DF03000EC0E10 /* PBXContainerItemProxy */ = {
			isa = PBXContainerItemProxy;
			containerPortal = E381AC352E6DF02E00EC0E10 /* Project object */;
			proxyType = 1;
			remoteGlobalIDString = E381AC3C2E6DF02E00EC0E10;
			remoteInfo = "WordScramble Daniel";
		};
		E381AC552E6DF03000EC0E10 /* PBXContainerItemProxy */ = {
			isa = PBXContainerItemProxy;
			containerPortal = E381AC352E6DF02E00EC0E10 /* Project object */;
			proxyType = 1;
			remoteGlobalIDString = E381AC3C2E6DF02E00EC0E10;
			remoteInfo = "WordScramble Daniel";
		};
/* End PBXContainerItemProxy section */

/* Begin PBXFileReference section */
		E381AC3D2E6DF02E00EC0E10 /* WordScramble Daniel.app */ = {isa = PBXFileReference; explicitFileType = wrapper.application; includeInIndex = 0; path = "WordScramble Daniel.app"; sourceTree = BUILT_PRODUCTS_DIR; };
		E381AC4A2E6DF03000EC0E10 /* WordScramble DanielTests.xctest */ = {isa = PBXFileReference; explicitFileType = wrapper.cfbundle; includeInIndex = 0; path = "WordScramble DanielTests.xctest"; sourceTree = BUILT_PRODUCTS_DIR; };
		E381AC542E6DF03000EC0E10 /* WordScramble DanielUITests.xctest */ = {isa = PBXFileReference; explicitFileType = wrapper.cfbundle; includeInIndex = 0; path = "WordScramble DanielUITests.xctest"; sourceTree = BUILT_PRODUCTS_DIR; };
/* End PBXFileReference section */

/* Begin PBXFileSystemSynchronizedRootGroup section */
		E381AC3F2E6DF02E00EC0E10 /* WordScramble Daniel */ = {
			isa = PBXFileSystemSynchronizedRootGroup;
			path = "WordScramble Daniel";
			sourceTree = "<group>";
		};
		E381AC4D2E6DF03000EC0E10 /* WordScramble DanielTests */ = {
			isa = PBXFileSystemSynchronizedRootGroup;
			path = "WordScramble DanielTests";
			sourceTree = "<group>";
		};
		E381AC572E6DF03000EC0E10 /* WordScramble DanielUITests */ = {
			isa = PBXFileSystemSynchronizedRootGroup;
			path = "WordScramble DanielUITests";
			sourceTree = "<group>";
		};
/* End PBXFileSystemSynchronizedRootGroup section */

/* Begin PBXFrameworksBuildPhase section */
		E381AC3A2E6DF02E00EC0E10 /* Frameworks */ = {
			isa = PBXFrameworksBuildPhase;
			buildActionMask = 2147483647;
			files = (
			);
			runOnlyForDeploymentPostprocessing = 0;
		};
		E381AC472E6DF03000EC0E10 /* Frameworks */ = {
			isa = PBXFrameworksBuildPhase;
			buildActionMask = 2147483647;
			files = (
			);
			runOnlyForDeploymentPostprocessing = 0;
		};
		E381AC512E6DF03000EC0E10 /* Frameworks */ = {
			isa = PBXFrameworksBuildPhase;
			buildActionMask = 2147483647;
			files = (
			);
			runOnlyForDeploymentPostprocessing = 0;
		};
/* End PBXFrameworksBuildPhase section */

/* Begin PBXGroup section */
		E381AC342E6DF02E00EC0E10 = {
			isa = PBXGroup;
			children = (
				E381AC3F2E6DF02E00EC0E10 /* WordScramble Daniel */,
				E381AC4D2E6DF03000EC0E10 /* WordScramble DanielTests */,
				E381AC572E6DF03000EC0E10 /* WordScramble DanielUITests */,
				E381AC3E2E6DF02E00EC0E10 /* Products */,
			);
			sourceTree = "<group>";
		};
		E381AC3E2E6DF02E00EC0E10 /* Products */ = {
			isa = PBXGroup;
			children = (
				E381AC3D2E6DF02E00EC0E10 /* WordScramble Daniel.app */,
				E381AC4A2E6DF03000EC0E10 /* WordScramble DanielTests.xctest */,
				E381AC542E6DF03000EC0E10 /* WordScramble DanielUITests.xctest */,
			);
			name = Products;
			sourceTree = "<group>";
		};
/* End PBXGroup section */

/* Begin PBXNativeTarget section */
		E381AC3C2E6DF02E00EC0E10 /* WordScramble Daniel */ = {
			isa = PBXNativeTarget;
			buildConfigurationList = E381AC5E2E6DF03000EC0E10 /* Build configuration list for PBXNativeTarget "WordScramble Daniel" */;
			buildPhases = (
				E381AC392E6DF02E00EC0E10 /* Sources */,
				E381AC3A2E6DF02E00EC0E10 /* Frameworks */,
				E381AC3B2E6DF02E00EC0E10 /* Resources */,
			);
			buildRules = (
			);
			dependencies = (
			);
			fileSystemSynchronizedGroups = (
				E381AC3F2E6DF02E00EC0E10 /* WordScramble Daniel */,
			);
			name = "WordScramble Daniel";
			packageProductDependencies = (
			);
			productName = "WordScramble Daniel";
			productReference = E381AC3D2E6DF02E00EC0E10 /* WordScramble Daniel.app */;
			productType = "com.apple.product-type.application";
		};
		E381AC492E6DF03000EC0E10 /* WordScramble DanielTests */ = {
			isa = PBXNativeTarget;
			buildConfigurationList = E381AC612E6DF03000EC0E10 /* Build configuration list for PBXNativeTarget "WordScramble DanielTests" */;
			buildPhases = (
				E381AC462E6DF03000EC0E10 /* Sources */,
				E381AC472E6DF03000EC0E10 /* Frameworks */,
				E381AC482E6DF03000EC0E10 /* Resources */,
			);
			buildRules = (
			);
			dependencies = (
				E381AC4C2E6DF03000EC0E10 /* PBXTargetDependency */,
			);
			fileSystemSynchronizedGroups = (
				E381AC4D2E6DF03000EC0E10 /* WordScramble DanielTests */,
			);
			name = "WordScramble DanielTests";
			packageProductDependencies = (
			);
			productName = "WordScramble DanielTests";
			productReference = E381AC4A2E6DF03000EC0E10 /* WordScramble DanielTests.xctest */;
			productType = "com.apple.product-type.bundle.unit-test";
		};
		E381AC532E6DF03000EC0E10 /* WordScramble DanielUITests */ = {
			isa = PBXNativeTarget;
			buildConfigurationList = E381AC642E6DF03000EC0E10 /* Build configuration list for PBXNativeTarget "WordScramble DanielUITests" */;
			buildPhases = (
				E381AC502E6DF03000EC0E10 /* Sources */,
				E381AC512E6DF03000EC0E10 /* Frameworks */,
				E381AC522E6DF03000EC0E10 /* Resources */,
			);
			buildRules = (
			);
			dependencies = (
				E381AC562E6DF03000EC0E10 /* PBXTargetDependency */,
			);
			fileSystemSynchronizedGroups = (
				E381AC572E6DF03000EC0E10 /* WordScramble DanielUITests */,
			);
			name = "WordScramble DanielUITests";
			packageProductDependencies = (
			);
			productName = "WordScramble DanielUITests";
			productReference = E381AC542E6DF03000EC0E10 /* WordScramble DanielUITests.xctest */;
			productType = "com.apple.product-type.bundle.ui-testing";
		};
/* End PBXNativeTarget section */

/* Begin PBXProject section */
		E381AC352E6DF02E00EC0E10 /* Project object */ = {
			isa = PBXProject;
			attributes = {
				BuildIndependentTargetsInParallel = 1;
				LastSwiftUpdateCheck = 1640;
				LastUpgradeCheck = 1640;
				TargetAttributes = {
					E381AC3C2E6DF02E00EC0E10 = {
						CreatedOnToolsVersion = 16.4;
					};
					E381AC492E6DF03000EC0E10 = {
						CreatedOnToolsVersion = 16.4;
						TestTargetID = E381AC3C2E6DF02E00EC0E10;
					};
					E381AC532E6DF03000EC0E10 = {
						CreatedOnToolsVersion = 16.4;
						TestTargetID = E381AC3C2E6DF02E00EC0E10;
					};
				};
			};
			buildConfigurationList = E381AC382E6DF02E00EC0E10 /* Build configuration list for PBXProject "WordScramble Daniel" */;
			developmentRegion = en;
			hasScannedForEncodings = 0;
			knownRegions = (
				en,
				Base,
			);
			mainGroup = E381AC342E6DF02E00EC0E10;
			minimizedProjectReferenceProxies = 1;
			preferredProjectObjectVersion = 77;
			productRefGroup = E381AC3E2E6DF02E00EC0E10 /* Products */;
			projectDirPath = "";
			projectRoot = "";
			targets = (
				E381AC3C2E6DF02E00EC0E10 /* WordScramble Daniel */,
				E381AC492E6DF03000EC0E10 /* WordScramble DanielTests */,
				E381AC532E6DF03000EC0E10 /* WordScramble DanielUITests */,
			);
		};
/* End PBXProject section */

/* Begin PBXResourcesBuildPhase section */
		E381AC3B2E6DF02E00EC0E10 /* Resources */ = {
			isa = PBXResourcesBuildPhase;
			buildActionMask = 2147483647;
			files = (
			);
			runOnlyForDeploymentPostprocessing = 0;
		};
		E381AC482E6DF03000EC0E10 /* Resources */ = {
			isa = PBXResourcesBuildPhase;
			buildActionMask = 2147483647;
			files = (
			);
			runOnlyForDeploymentPostprocessing = 0;
		};
		E381AC522E6DF03000EC0E10 /* Resources */ = {
			isa = PBXResourcesBuildPhase;
			buildActionMask = 2147483647;
			files = (
			);
			runOnlyForDeploymentPostprocessing = 0;
		};
/* End PBXResourcesBuildPhase section */

/* Begin PBXSourcesBuildPhase section */
		E381AC392E6DF02E00EC0E10 /* Sources */ = {
			isa = PBXSourcesBuildPhase;
			buildActionMask = 2147483647;
			files = (
			);
			runOnlyForDeploymentPostprocessing = 0;
		};
		E381AC462E6DF03000EC0E10 /* Sources */ = {
			isa = PBXSourcesBuildPhase;
			buildActionMask = 2147483647;
			files = (
			);
			runOnlyForDeploymentPostprocessing = 0;
		};
		E381AC502E6DF03000EC0E10 /* Sources */ = {
			isa = PBXSourcesBuildPhase;
			buildActionMask = 2147483647;
			files = (
			);
			runOnlyForDeploymentPostprocessing = 0;
		};
/* End PBXSourcesBuildPhase section */

/* Begin PBXTargetDependency section */
		E381AC4C2E6DF03000EC0E10 /* PBXTargetDependency */ = {
			isa = PBXTargetDependency;
			target = E381AC3C2E6DF02E00EC0E10 /* WordScramble Daniel */;
			targetProxy = E381AC4B2E6DF03000EC0E10 /* PBXContainerItemProxy */;
		};
		E381AC562E6DF03000EC0E10 /* PBXTargetDependency */ = {
			isa = PBXTargetDependency;
			target = E381AC3C2E6DF02E00EC0E10 /* WordScramble Daniel */;
			targetProxy = E381AC552E6DF03000EC0E10 /* PBXContainerItemProxy */;
		};
/* End PBXTargetDependency section */

/* Begin XCBuildConfiguration section */
		E381AC5C2E6DF03000EC0E10 /* Debug */ = {
			isa = XCBuildConfiguration;
			buildSettings = {
				ALWAYS_SEARCH_USER_PATHS = NO;
				ASSETCATALOG_COMPILER_GENERATE_SWIFT_ASSET_SYMBOL_EXTENSIONS = YES;
				CLANG_ANALYZER_NONNULL = YES;
				CLANG_ANALYZER_NUMBER_OBJECT_CONVERSION = YES_AGGRESSIVE;
				CLANG_CXX_LANGUAGE_STANDARD = "gnu++20";
				CLANG_ENABLE_MODULES = YES;
				CLANG_ENABLE_OBJC_ARC = YES;
				CLANG_ENABLE_OBJC_WEAK = YES;
				CLANG_WARN_BLOCK_CAPTURE_AUTORELEASING = YES;
				CLANG_WARN_BOOL_CONVERSION = YES;
				CLANG_WARN_COMMA = YES;
				CLANG_WARN_CONSTANT_CONVERSION = YES;
				CLANG_WARN_DEPRECATED_OBJC_IMPLEMENTATIONS = YES;
				CLANG_WARN_DIRECT_OBJC_ISA_USAGE = YES_ERROR;
				CLANG_WARN_DOCUMENTATION_COMMENTS = YES;
				CLANG_WARN_EMPTY_BODY = YES;
				CLANG_WARN_ENUM_CONVERSION = YES;
				CLANG_WARN_INFINITE_RECURSION = YES;
				CLANG_WARN_INT_CONVERSION = YES;
				CLANG_WARN_NON_LITERAL_NULL_CONVERSION = YES;
				CLANG_WARN_OBJC_IMPLICIT_RETAIN_SELF = YES;
				CLANG_WARN_OBJC_LITERAL_CONVERSION = YES;
				CLANG_WARN_OBJC_ROOT_CLASS = YES_ERROR;
				CLANG_WARN_QUOTED_INCLUDE_IN_FRAMEWORK_HEADER = YES;
				CLANG_WARN_RANGE_LOOP_ANALYSIS = YES;
				CLANG_WARN_STRICT_PROTOTYPES = YES;
				CLANG_WARN_SUSPICIOUS_MOVE = YES;
				CLANG_WARN_UNGUARDED_AVAILABILITY = YES_AGGRESSIVE;
				CLANG_WARN_UNREACHABLE_CODE = YES;
				CLANG_WARN__DUPLICATE_METHOD_MATCH = YES;
				COPY_PHASE_STRIP = NO;
				DEBUG_INFORMATION_FORMAT = dwarf;
				ENABLE_STRICT_OBJC_MSGSEND = YES;
				ENABLE_TESTABILITY = YES;
				ENABLE_USER_SCRIPT_SANDBOXING = YES;
				GCC_C_LANGUAGE_STANDARD = gnu17;
				GCC_DYNAMIC_NO_PIC = NO;
				GCC_NO_COMMON_BLOCKS = YES;
				GCC_OPTIMIZATION_LEVEL = 0;
				GCC_PREPROCESSOR_DEFINITIONS = (
					"DEBUG=1",
					"$(inherited)",
				);
				GCC_WARN_64_TO_32_BIT_CONVERSION = YES;
				GCC_WARN_ABOUT_RETURN_TYPE = YES_ERROR;
				GCC_WARN_UNDECLARED_SELECTOR = YES;
				GCC_WARN_UNINITIALIZED_AUTOS = YES_AGGRESSIVE;
				GCC_WARN_UNUSED_FUNCTION = YES;
				GCC_WARN_UNUSED_VARIABLE = YES;
				IPHONEOS_DEPLOYMENT_TARGET = 18.5;
				LOCALIZATION_PREFERS_STRING_CATALOGS = YES;
				MTL_ENABLE_DEBUG_INFO = INCLUDE_SOURCE;
				MTL_FAST_MATH = YES;
				ONLY_ACTIVE_ARCH = YES;
				SDKROOT = iphoneos;
				SWIFT_ACTIVE_COMPILATION_CONDITIONS = "DEBUG $(inherited)";
				SWIFT_OPTIMIZATION_LEVEL = "-Onone";
			};
			name = Debug;
		};
		E381AC5D2E6DF03000EC0E10 /* Release */ = {
			isa = XCBuildConfiguration;
			buildSettings = {
				ALWAYS_SEARCH_USER_PATHS = NO;
				ASSETCATALOG_COMPILER_GENERATE_SWIFT_ASSET_SYMBOL_EXTENSIONS = YES;
				CLANG_ANALYZER_NONNULL = YES;
				CLANG_ANALYZER_NUMBER_OBJECT_CONVERSION = YES_AGGRESSIVE;
				CLANG_CXX_LANGUAGE_STANDARD = "gnu++20";
				CLANG_ENABLE_MODULES = YES;
				CLANG_ENABLE_OBJC_ARC = YES;
				CLANG_ENABLE_OBJC_WEAK = YES;
				CLANG_WARN_BLOCK_CAPTURE_AUTORELEASING = YES;
				CLANG_WARN_BOOL_CONVERSION = YES;
				CLANG_WARN_COMMA = YES;
				CLANG_WARN_CONSTANT_CONVERSION = YES;
				CLANG_WARN_DEPRECATED_OBJC_IMPLEMENTATIONS = YES;
				CLANG_WARN_DIRECT_OBJC_ISA_USAGE = YES_ERROR;
				CLANG_WARN_DOCUMENTATION_COMMENTS = YES;
				CLANG_WARN_EMPTY_BODY = YES;
				CLANG_WARN_ENUM_CONVERSION = YES;
				CLANG_WARN_INFINITE_RECURSION = YES;
				CLANG_WARN_INT_CONVERSION = YES;
				CLANG_WARN_NON_LITERAL_NULL_CONVERSION = YES;
				CLANG_WARN_OBJC_IMPLICIT_RETAIN_SELF = YES;
				CLANG_WARN_OBJC_LITERAL_CONVERSION = YES;
				CLANG_WARN_OBJC_ROOT_CLASS = YES_ERROR;
				CLANG_WARN_QUOTED_INCLUDE_IN_FRAMEWORK_HEADER = YES;
				CLANG_WARN_RANGE_LOOP_ANALYSIS = YES;
				CLANG_WARN_STRICT_PROTOTYPES = YES;
				CLANG_WARN_SUSPICIOUS_MOVE = YES;
				CLANG_WARN_UNGUARDED_AVAILABILITY = YES_AGGRESSIVE;
				CLANG_WARN_UNREACHABLE_CODE = YES;
				CLANG_WARN__DUPLICATE_METHOD_MATCH = YES;
				COPY_PHASE_STRIP = NO;
				DEBUG_INFORMATION_FORMAT = "dwarf-with-dsym";
				ENABLE_NS_ASSERTIONS = NO;
				ENABLE_STRICT_OBJC_MSGSEND = YES;
				ENABLE_USER_SCRIPT_SANDBOXING = YES;
				GCC_C_LANGUAGE_STANDARD = gnu17;
				GCC_NO_COMMON_BLOCKS = YES;
				GCC_WARN_64_TO_32_BIT_CONVERSION = YES;
				GCC_WARN_ABOUT_RETURN_TYPE = YES_ERROR;
				GCC_WARN_UNDECLARED_SELECTOR = YES;
				GCC_WARN_UNINITIALIZED_AUTOS = YES_AGGRESSIVE;
				GCC_WARN_UNUSED_FUNCTION = YES;
				GCC_WARN_UNUSED_VARIABLE = YES;
				IPHONEOS_DEPLOYMENT_TARGET = 18.5;
				LOCALIZATION_PREFERS_STRING_CATALOGS = YES;
				MTL_ENABLE_DEBUG_INFO = NO;
				MTL_FAST_MATH = YES;
				SDKROOT = iphoneos;
				SWIFT_COMPILATION_MODE = wholemodule;
				VALIDATE_PRODUCT = YES;
			};
			name = Release;
		};
		E381AC5F2E6DF03000EC0E10 /* Debug */ = {
			isa = XCBuildConfiguration;
			buildSettings = {
				ASSETCATALOG_COMPILER_APPICON_NAME = AppIcon;
				ASSETCATALOG_COMPILER_GLOBAL_ACCENT_COLOR_NAME = AccentColor;
				CODE_SIGN_STYLE = Automatic;
				CURRENT_PROJECT_VERSION = 1;
				ENABLE_PREVIEWS = YES;
				GENERATE_INFOPLIST_FILE = YES;
				INFOPLIST_KEY_UIApplicationSceneManifest_Generation = YES;
				INFOPLIST_KEY_UIApplicationSupportsIndirectInputEvents = YES;
				INFOPLIST_KEY_UILaunchScreen_Generation = YES;
				INFOPLIST_KEY_UISupportedInterfaceOrientations_iPad = "UIInterfaceOrientationPortrait UIInterfaceOrientationPortraitUpsideDown UIInterfaceOrientationLandscapeLeft UIInterfaceOrientationLandscapeRight";
				INFOPLIST_KEY_UISupportedInterfaceOrientations_iPhone = "UIInterfaceOrientationPortrait UIInterfaceOrientationLandscapeLeft UIInterfaceOrientationLandscapeRight";
				IPHONEOS_DEPLOYMENT_TARGET = 17.6;
				LD_RUNPATH_SEARCH_PATHS = (
					"$(inherited)",
					"@executable_path/Frameworks",
				);
				MARKETING_VERSION = 1.0;
				PRODUCT_BUNDLE_IDENTIFIER = "com.daniellidman.WordScramble-Daniel";
				PRODUCT_NAME = "$(TARGET_NAME)";
				SWIFT_EMIT_LOC_STRINGS = YES;
				SWIFT_VERSION = 5.0;
				TARGETED_DEVICE_FAMILY = "1,2";
			};
			name = Debug;
		};
		E381AC602E6DF03000EC0E10 /* Release */ = {
			isa = XCBuildConfiguration;
			buildSettings = {
				ASSETCATALOG_COMPILER_APPICON_NAME = AppIcon;
				ASSETCATALOG_COMPILER_GLOBAL_ACCENT_COLOR_NAME = AccentColor;
				CODE_SIGN_STYLE = Automatic;
				CURRENT_PROJECT_VERSION = 1;
				ENABLE_PREVIEWS = YES;
				GENERATE_INFOPLIST_FILE = YES;
				INFOPLIST_KEY_UIApplicationSceneManifest_Generation = YES;
				INFOPLIST_KEY_UIApplicationSupportsIndirectInputEvents = YES;
				INFOPLIST_KEY_UILaunchScreen_Generation = YES;
				INFOPLIST_KEY_UISupportedInterfaceOrientations_iPad = "UIInterfaceOrientationPortrait UIInterfaceOrientationPortraitUpsideDown UIInterfaceOrientationLandscapeLeft UIInterfaceOrientationLandscapeRight";
				INFOPLIST_KEY_UISupportedInterfaceOrientations_iPhone = "UIInterfaceOrientationPortrait UIInterfaceOrientationLandscapeLeft UIInterfaceOrientationLandscapeRight";
				IPHONEOS_DEPLOYMENT_TARGET = 17.6;
				LD_RUNPATH_SEARCH_PATHS = (
					"$(inherited)",
					"@executable_path/Frameworks",
				);
				MARKETING_VERSION = 1.0;
				PRODUCT_BUNDLE_IDENTIFIER = "com.daniellidman.WordScramble-Daniel";
				PRODUCT_NAME = "$(TARGET_NAME)";
				SWIFT_EMIT_LOC_STRINGS = YES;
				SWIFT_VERSION = 5.0;
				TARGETED_DEVICE_FAMILY = "1,2";
			};
			name = Release;
		};
		E381AC622E6DF03000EC0E10 /* Debug */ = {
			isa = XCBuildConfiguration;
			buildSettings = {
				BUNDLE_LOADER = "$(TEST_HOST)";
				CODE_SIGN_STYLE = Automatic;
				CURRENT_PROJECT_VERSION = 1;
				GENERATE_INFOPLIST_FILE = YES;
				IPHONEOS_DEPLOYMENT_TARGET = 18.5;
				MARKETING_VERSION = 1.0;
				PRODUCT_BUNDLE_IDENTIFIER = "com.daniellidman.WordScramble-DanielTests";
				PRODUCT_NAME = "$(TARGET_NAME)";
				SWIFT_EMIT_LOC_STRINGS = NO;
				SWIFT_VERSION = 5.0;
				TARGETED_DEVICE_FAMILY = "1,2";
				TEST_HOST = "$(BUILT_PRODUCTS_DIR)/WordScramble Daniel.app/$(BUNDLE_EXECUTABLE_FOLDER_PATH)/WordScramble Daniel";
			};
			name = Debug;
		};
		E381AC632E6DF03000EC0E10 /* Release */ = {
			isa = XCBuildConfiguration;
			buildSettings = {
				BUNDLE_LOADER = "$(TEST_HOST)";
				CODE_SIGN_STYLE = Automatic;
				CURRENT_PROJECT_VERSION = 1;
				GENERATE_INFOPLIST_FILE = YES;
				IPHONEOS_DEPLOYMENT_TARGET = 18.5;
				MARKETING_VERSION = 1.0;
				PRODUCT_BUNDLE_IDENTIFIER = "com.daniellidman.WordScramble-DanielTests";
				PRODUCT_NAME = "$(TARGET_NAME)";
				SWIFT_EMIT_LOC_STRINGS = NO;
				SWIFT_VERSION = 5.0;
				TARGETED_DEVICE_FAMILY = "1,2";
				TEST_HOST = "$(BUILT_PRODUCTS_DIR)/WordScramble Daniel.app/$(BUNDLE_EXECUTABLE_FOLDER_PATH)/WordScramble Daniel";
			};
			name = Release;
		};
		E381AC652E6DF03000EC0E10 /* Debug */ = {
			isa = XCBuildConfiguration;
			buildSettings = {
				CODE_SIGN_STYLE = Automatic;
				CURRENT_PROJECT_VERSION = 1;
				GENERATE_INFOPLIST_FILE = YES;
				MARKETING_VERSION = 1.0;
				PRODUCT_BUNDLE_IDENTIFIER = "com.daniellidman.WordScramble-DanielUITests";
				PRODUCT_NAME = "$(TARGET_NAME)";
				SWIFT_EMIT_LOC_STRINGS = NO;
				SWIFT_VERSION = 5.0;
				TARGETED_DEVICE_FAMILY = "1,2";
				TEST_TARGET_NAME = "WordScramble Daniel";
			};
			name = Debug;
		};
		E381AC662E6DF03000EC0E10 /* Release */ = {
			isa = XCBuildConfiguration;
			buildSettings = {
				CODE_SIGN_STYLE = Automatic;
				CURRENT_PROJECT_VERSION = 1;
				GENERATE_INFOPLIST_FILE = YES;
				MARKETING_VERSION = 1.0;
				PRODUCT_BUNDLE_IDENTIFIER = "com.daniellidman.WordScramble-DanielUITests";
				PRODUCT_NAME = "$(TARGET_NAME)";
				SWIFT_EMIT_LOC_STRINGS = NO;
				SWIFT_VERSION = 5.0;
				TARGETED_DEVICE_FAMILY = "1,2";
				TEST_TARGET_NAME = "WordScramble Daniel";
			};
			name = Release;
		};
/* End XCBuildConfiguration section */

/* Begin XCConfigurationList section */
		E381AC382E6DF02E00EC0E10 /* Build configuration list for PBXProject "WordScramble Daniel" */ = {
			isa = XCConfigurationList;
			buildConfigurations = (
				E381AC5C2E6DF03000EC0E10 /* Debug */,
				E381AC5D2E6DF03000EC0E10 /* Release */,
			);
			defaultConfigurationIsVisible = 0;
			defaultConfigurationName = Release;
		};
		E381AC5E2E6DF03000EC0E10 /* Build configuration list for PBXNativeTarget "WordScramble Daniel" */ = {
			isa = XCConfigurationList;
			buildConfigurations = (
				E381AC5F2E6DF03000EC0E10 /* Debug */,
				E381AC602E6DF03000EC0E10 /* Release */,
			);
			defaultConfigurationIsVisible = 0;
			defaultConfigurationName = Release;
		};
		E381AC612E6DF03000EC0E10 /* Build configuration list for PBXNativeTarget "WordScramble DanielTests" */ = {
			isa = XCConfigurationList;
			buildConfigurations = (
				E381AC622E6DF03000EC0E10 /* Debug */,
				E381AC632E6DF03000EC0E10 /* Release */,
			);
			defaultConfigurationIsVisible = 0;
			defaultConfigurationName = Release;
		};
		E381AC642E6DF03000EC0E10 /* Build configuration list for PBXNativeTarget "WordScramble DanielUITests" */ = {
			isa = XCConfigurationList;
			buildConfigurations = (
				E381AC652E6DF03000EC0E10 /* Debug */,
				E381AC662E6DF03000EC0E10 /* Release */,
			);
			defaultConfigurationIsVisible = 0;
			defaultConfigurationName = Release;
		};
/* End XCConfigurationList section */
	};
	rootObject = E381AC352E6DF02E00EC0E10 /* Project object */;
}
