// !$*UTF8*$!
{
	archiveVersion = 1;
	classes = {
	};
	objectVersion = 77;
	objects = {

/* Begin PBXContainerItemProxy section */
		E3E039EF2E7B9D8F00B14711 /* PBXContainerItemProxy */ = {
			isa = PBXContainerItemProxy;
			containerPortal = E3E039D92E7B9D8D00B14711 /* Project object */;
			proxyType = 1;
			remoteGlobalIDString = E3E039E02E7B9D8D00B14711;
			remoteInfo = "Moonshot Daniel";
		};
		E3E039F92E7B9D8F00B14711 /* PBXContainerItemProxy */ = {
			isa = PBXContainerItemProxy;
			containerPortal = E3E039D92E7B9D8D00B14711 /* Project object */;
			proxyType = 1;
			remoteGlobalIDString = E3E039E02E7B9D8D00B14711;
			remoteInfo = "Moonshot Daniel";
		};
/* End PBXContainerItemProxy section */

/* Begin PBXFileReference section */
		E3E039E12E7B9D8D00B14711 /* Moonshot Daniel.app */ = {isa = PBXFileReference; explicitFileType = wrapper.application; includeInIndex = 0; path = "Moonshot Daniel.app"; sourceTree = BUILT_PRODUCTS_DIR; };
		E3E039EE2E7B9D8F00B14711 /* Moonshot DanielTests.xctest */ = {isa = PBXFileReference; explicitFileType = wrapper.cfbundle; includeInIndex = 0; path = "Moonshot DanielTests.xctest"; sourceTree = BUILT_PRODUCTS_DIR; };
		E3E039F82E7B9D8F00B14711 /* Moonshot DanielUITests.xctest */ = {isa = PBXFileReference; explicitFileType = wrapper.cfbundle; includeInIndex = 0; path = "Moonshot DanielUITests.xctest"; sourceTree = BUILT_PRODUCTS_DIR; };
/* End PBXFileReference section */

/* Begin PBXFileSystemSynchronizedRootGroup section */
		E3E039E32E7B9D8D00B14711 /* Moonshot Daniel */ = {
			isa = PBXFileSystemSynchronizedRootGroup;
			path = "Moonshot Daniel";
			sourceTree = "<group>";
		};
		E3E039F12E7B9D8F00B14711 /* Moonshot DanielTests */ = {
			isa = PBXFileSystemSynchronizedRootGroup;
			path = "Moonshot DanielTests";
			sourceTree = "<group>";
		};
		E3E039FB2E7B9D8F00B14711 /* Moonshot DanielUITests */ = {
			isa = PBXFileSystemSynchronizedRootGroup;
			path = "Moonshot DanielUITests";
			sourceTree = "<group>";
		};
/* End PBXFileSystemSynchronizedRootGroup section */

/* Begin PBXFrameworksBuildPhase section */
		E3E039DE2E7B9D8D00B14711 /* Frameworks */ = {
			isa = PBXFrameworksBuildPhase;
			buildActionMask = 2147483647;
			files = (
			);
			runOnlyForDeploymentPostprocessing = 0;
		};
		E3E039EB2E7B9D8F00B14711 /* Frameworks */ = {
			isa = PBXFrameworksBuildPhase;
			buildActionMask = 2147483647;
			files = (
			);
			runOnlyForDeploymentPostprocessing = 0;
		};
		E3E039F52E7B9D8F00B14711 /* Frameworks */ = {
			isa = PBXFrameworksBuildPhase;
			buildActionMask = 2147483647;
			files = (
			);
			runOnlyForDeploymentPostprocessing = 0;
		};
/* End PBXFrameworksBuildPhase section */

/* Begin PBXGroup section */
		E3E039D82E7B9D8D00B14711 = {
			isa = PBXGroup;
			children = (
				E3E039E32E7B9D8D00B14711 /* Moonshot Daniel */,
				E3E039F12E7B9D8F00B14711 /* Moonshot DanielTests */,
				E3E039FB2E7B9D8F00B14711 /* Moonshot DanielUITests */,
				E3E039E22E7B9D8D00B14711 /* Products */,
			);
			sourceTree = "<group>";
		};
		E3E039E22E7B9D8D00B14711 /* Products */ = {
			isa = PBXGroup;
			children = (
				E3E039E12E7B9D8D00B14711 /* Moonshot Daniel.app */,
				E3E039EE2E7B9D8F00B14711 /* Moonshot DanielTests.xctest */,
				E3E039F82E7B9D8F00B14711 /* Moonshot DanielUITests.xctest */,
			);
			name = Products;
			sourceTree = "<group>";
		};
/* End PBXGroup section */

/* Begin PBXNativeTarget section */
		E3E039E02E7B9D8D00B14711 /* Moonshot Daniel */ = {
			isa = PBXNativeTarget;
			buildConfigurationList = E3E03A022E7B9D8F00B14711 /* Build configuration list for PBXNativeTarget "Moonshot Daniel" */;
			buildPhases = (
				E3E039DD2E7B9D8D00B14711 /* Sources */,
				E3E039DE2E7B9D8D00B14711 /* Frameworks */,
				E3E039DF2E7B9D8D00B14711 /* Resources */,
			);
			buildRules = (
			);
			dependencies = (
			);
			fileSystemSynchronizedGroups = (
				E3E039E32E7B9D8D00B14711 /* Moonshot Daniel */,
			);
			name = "Moonshot Daniel";
			packageProductDependencies = (
			);
			productName = "Moonshot Daniel";
			productReference = E3E039E12E7B9D8D00B14711 /* Moonshot Daniel.app */;
			productType = "com.apple.product-type.application";
		};
		E3E039ED2E7B9D8F00B14711 /* Moonshot DanielTests */ = {
			isa = PBXNativeTarget;
			buildConfigurationList = E3E03A052E7B9D8F00B14711 /* Build configuration list for PBXNativeTarget "Moonshot DanielTests" */;
			buildPhases = (
				E3E039EA2E7B9D8F00B14711 /* Sources */,
				E3E039EB2E7B9D8F00B14711 /* Frameworks */,
				E3E039EC2E7B9D8F00B14711 /* Resources */,
			);
			buildRules = (
			);
			dependencies = (
				E3E039F02E7B9D8F00B14711 /* PBXTargetDependency */,
			);
			fileSystemSynchronizedGroups = (
				E3E039F12E7B9D8F00B14711 /* Moonshot DanielTests */,
			);
			name = "Moonshot DanielTests";
			packageProductDependencies = (
			);
			productName = "Moonshot DanielTests";
			productReference = E3E039EE2E7B9D8F00B14711 /* Moonshot DanielTests.xctest */;
			productType = "com.apple.product-type.bundle.unit-test";
		};
		E3E039F72E7B9D8F00B14711 /* Moonshot DanielUITests */ = {
			isa = PBXNativeTarget;
			buildConfigurationList = E3E03A082E7B9D8F00B14711 /* Build configuration list for PBXNativeTarget "Moonshot DanielUITests" */;
			buildPhases = (
				E3E039F42E7B9D8F00B14711 /* Sources */,
				E3E039F52E7B9D8F00B14711 /* Frameworks */,
				E3E039F62E7B9D8F00B14711 /* Resources */,
			);
			buildRules = (
			);
			dependencies = (
				E3E039FA2E7B9D8F00B14711 /* PBXTargetDependency */,
			);
			fileSystemSynchronizedGroups = (
				E3E039FB2E7B9D8F00B14711 /* Moonshot DanielUITests */,
			);
			name = "Moonshot DanielUITests";
			packageProductDependencies = (
			);
			productName = "Moonshot DanielUITests";
			productReference = E3E039F82E7B9D8F00B14711 /* Moonshot DanielUITests.xctest */;
			productType = "com.apple.product-type.bundle.ui-testing";
		};
/* End PBXNativeTarget section */

/* Begin PBXProject section */
		E3E039D92E7B9D8D00B14711 /* Project object */ = {
			isa = PBXProject;
			attributes = {
				BuildIndependentTargetsInParallel = 1;
				LastSwiftUpdateCheck = 2600;
				LastUpgradeCheck = 2600;
				TargetAttributes = {
					E3E039E02E7B9D8D00B14711 = {
						CreatedOnToolsVersion = 26.0;
					};
					E3E039ED2E7B9D8F00B14711 = {
						CreatedOnToolsVersion = 26.0;
						TestTargetID = E3E039E02E7B9D8D00B14711;
					};
					E3E039F72E7B9D8F00B14711 = {
						CreatedOnToolsVersion = 26.0;
						TestTargetID = E3E039E02E7B9D8D00B14711;
					};
				};
			};
			buildConfigurationList = E3E039DC2E7B9D8D00B14711 /* Build configuration list for PBXProject "Moonshot Daniel" */;
			developmentRegion = en;
			hasScannedForEncodings = 0;
			knownRegions = (
				en,
				Base,
			);
			mainGroup = E3E039D82E7B9D8D00B14711;
			minimizedProjectReferenceProxies = 1;
			preferredProjectObjectVersion = 77;
			productRefGroup = E3E039E22E7B9D8D00B14711 /* Products */;
			projectDirPath = "";
			projectRoot = "";
			targets = (
				E3E039E02E7B9D8D00B14711 /* Moonshot Daniel */,
				E3E039ED2E7B9D8F00B14711 /* Moonshot DanielTests */,
				E3E039F72E7B9D8F00B14711 /* Moonshot DanielUITests */,
			);
		};
/* End PBXProject section */

/* Begin PBXResourcesBuildPhase section */
		E3E039DF2E7B9D8D00B14711 /* Resources */ = {
			isa = PBXResourcesBuildPhase;
			buildActionMask = 2147483647;
			files = (
			);
			runOnlyForDeploymentPostprocessing = 0;
		};
		E3E039EC2E7B9D8F00B14711 /* Resources */ = {
			isa = PBXResourcesBuildPhase;
			buildActionMask = 2147483647;
			files = (
			);
			runOnlyForDeploymentPostprocessing = 0;
		};
		E3E039F62E7B9D8F00B14711 /* Resources */ = {
			isa = PBXResourcesBuildPhase;
			buildActionMask = 2147483647;
			files = (
			);
			runOnlyForDeploymentPostprocessing = 0;
		};
/* End PBXResourcesBuildPhase section */

/* Begin PBXSourcesBuildPhase section */
		E3E039DD2E7B9D8D00B14711 /* Sources */ = {
			isa = PBXSourcesBuildPhase;
			buildActionMask = 2147483647;
			files = (
			);
			runOnlyForDeploymentPostprocessing = 0;
		};
		E3E039EA2E7B9D8F00B14711 /* Sources */ = {
			isa = PBXSourcesBuildPhase;
			buildActionMask = 2147483647;
			files = (
			);
			runOnlyForDeploymentPostprocessing = 0;
		};
		E3E039F42E7B9D8F00B14711 /* Sources */ = {
			isa = PBXSourcesBuildPhase;
			buildActionMask = 2147483647;
			files = (
			);
			runOnlyForDeploymentPostprocessing = 0;
		};
/* End PBXSourcesBuildPhase section */

/* Begin PBXTargetDependency section */
		E3E039F02E7B9D8F00B14711 /* PBXTargetDependency */ = {
			isa = PBXTargetDependency;
			target = E3E039E02E7B9D8D00B14711 /* Moonshot Daniel */;
			targetProxy = E3E039EF2E7B9D8F00B14711 /* PBXContainerItemProxy */;
		};
		E3E039FA2E7B9D8F00B14711 /* PBXTargetDependency */ = {
			isa = PBXTargetDependency;
			target = E3E039E02E7B9D8D00B14711 /* Moonshot Daniel */;
			targetProxy = E3E039F92E7B9D8F00B14711 /* PBXContainerItemProxy */;
		};
/* End PBXTargetDependency section */

/* Begin XCBuildConfiguration section */
		E3E03A002E7B9D8F00B14711 /* Debug */ = {
			isa = XCBuildConfiguration;
			buildSettings = {
				ALWAYS_SEARCH_USER_PATHS = NO;
				ASSETCATALOG_COMPILER_GENERATE_SWIFT_ASSET_SYMBOL_EXTENSIONS = YES;
				CLANG_ANALYZER_NONNULL = YES;
				CLANG_ANALYZER_NUMBER_OBJECT_CONVERSION = YES_AGGRESSIVE;
				CLANG_CXX_LANGUAGE_STANDARD = "gnu++20";
				CLANG_ENABLE_MODULES = YES;
				CLANG_ENABLE_OBJC_ARC = YES;
				CLANG_ENABLE_OBJC_WEAK = YES;
				CLANG_WARN_BLOCK_CAPTURE_AUTORELEASING = YES;
				CLANG_WARN_BOOL_CONVERSION = YES;
				CLANG_WARN_COMMA = YES;
				CLANG_WARN_CONSTANT_CONVERSION = YES;
				CLANG_WARN_DEPRECATED_OBJC_IMPLEMENTATIONS = YES;
				CLANG_WARN_DIRECT_OBJC_ISA_USAGE = YES_ERROR;
				CLANG_WARN_DOCUMENTATION_COMMENTS = YES;
				CLANG_WARN_EMPTY_BODY = YES;
				CLANG_WARN_ENUM_CONVERSION = YES;
				CLANG_WARN_INFINITE_RECURSION = YES;
				CLANG_WARN_INT_CONVERSION = YES;
				CLANG_WARN_NON_LITERAL_NULL_CONVERSION = YES;
				CLANG_WARN_OBJC_IMPLICIT_RETAIN_SELF = YES;
				CLANG_WARN_OBJC_LITERAL_CONVERSION = YES;
				CLANG_WARN_OBJC_ROOT_CLASS = YES_ERROR;
				CLANG_WARN_QUOTED_INCLUDE_IN_FRAMEWORK_HEADER = YES;
				CLANG_WARN_RANGE_LOOP_ANALYSIS = YES;
				CLANG_WARN_STRICT_PROTOTYPES = YES;
				CLANG_WARN_SUSPICIOUS_MOVE = YES;
				CLANG_WARN_UNGUARDED_AVAILABILITY = YES_AGGRESSIVE;
				CLANG_WARN_UNREACHABLE_CODE = YES;
				CLANG_WARN__DUPLICATE_METHOD_MATCH = YES;
				COPY_PHASE_STRIP = NO;
				DEBUG_INFORMATION_FORMAT = dwarf;
				ENABLE_STRICT_OBJC_MSGSEND = YES;
				ENABLE_TESTABILITY = YES;
				ENABLE_USER_SCRIPT_SANDBOXING = YES;
				GCC_C_LANGUAGE_STANDARD = gnu17;
				GCC_DYNAMIC_NO_PIC = NO;
				GCC_NO_COMMON_BLOCKS = YES;
				GCC_OPTIMIZATION_LEVEL = 0;
				GCC_PREPROCESSOR_DEFINITIONS = (
					"DEBUG=1",
					"$(inherited)",
				);
				GCC_WARN_64_TO_32_BIT_CONVERSION = YES;
				GCC_WARN_ABOUT_RETURN_TYPE = YES_ERROR;
				GCC_WARN_UNDECLARED_SELECTOR = YES;
				GCC_WARN_UNINITIALIZED_AUTOS = YES_AGGRESSIVE;
				GCC_WARN_UNUSED_FUNCTION = YES;
				GCC_WARN_UNUSED_VARIABLE = YES;
				IPHONEOS_DEPLOYMENT_TARGET = 26.0;
				LOCALIZATION_PREFERS_STRING_CATALOGS = YES;
				MTL_ENABLE_DEBUG_INFO = INCLUDE_SOURCE;
				MTL_FAST_MATH = YES;
				ONLY_ACTIVE_ARCH = YES;
				SDKROOT = iphoneos;
				SWIFT_ACTIVE_COMPILATION_CONDITIONS = "DEBUG $(inherited)";
				SWIFT_OPTIMIZATION_LEVEL = "-Onone";
			};
			name = Debug;
		};
		E3E03A012E7B9D8F00B14711 /* Release */ = {
			isa = XCBuildConfiguration;
			buildSettings = {
				ALWAYS_SEARCH_USER_PATHS = NO;
				ASSETCATALOG_COMPILER_GENERATE_SWIFT_ASSET_SYMBOL_EXTENSIONS = YES;
				CLANG_ANALYZER_NONNULL = YES;
				CLANG_ANALYZER_NUMBER_OBJECT_CONVERSION = YES_AGGRESSIVE;
				CLANG_CXX_LANGUAGE_STANDARD = "gnu++20";
				CLANG_ENABLE_MODULES = YES;
				CLANG_ENABLE_OBJC_ARC = YES;
				CLANG_ENABLE_OBJC_WEAK = YES;
				CLANG_WARN_BLOCK_CAPTURE_AUTORELEASING = YES;
				CLANG_WARN_BOOL_CONVERSION = YES;
				CLANG_WARN_COMMA = YES;
				CLANG_WARN_CONSTANT_CONVERSION = YES;
				CLANG_WARN_DEPRECATED_OBJC_IMPLEMENTATIONS = YES;
				CLANG_WARN_DIRECT_OBJC_ISA_USAGE = YES_ERROR;
				CLANG_WARN_DOCUMENTATION_COMMENTS = YES;
				CLANG_WARN_EMPTY_BODY = YES;
				CLANG_WARN_ENUM_CONVERSION = YES;
				CLANG_WARN_INFINITE_RECURSION = YES;
				CLANG_WARN_INT_CONVERSION = YES;
				CLANG_WARN_NON_LITERAL_NULL_CONVERSION = YES;
				CLANG_WARN_OBJC_IMPLICIT_RETAIN_SELF = YES;
				CLANG_WARN_OBJC_LITERAL_CONVERSION = YES;
				CLANG_WARN_OBJC_ROOT_CLASS = YES_ERROR;
				CLANG_WARN_QUOTED_INCLUDE_IN_FRAMEWORK_HEADER = YES;
				CLANG_WARN_RANGE_LOOP_ANALYSIS = YES;
				CLANG_WARN_STRICT_PROTOTYPES = YES;
				CLANG_WARN_SUSPICIOUS_MOVE = YES;
				CLANG_WARN_UNGUARDED_AVAILABILITY = YES_AGGRESSIVE;
				CLANG_WARN_UNREACHABLE_CODE = YES;
				CLANG_WARN__DUPLICATE_METHOD_MATCH = YES;
				COPY_PHASE_STRIP = NO;
				DEBUG_INFORMATION_FORMAT = "dwarf-with-dsym";
				ENABLE_NS_ASSERTIONS = NO;
				ENABLE_STRICT_OBJC_MSGSEND = YES;
				ENABLE_USER_SCRIPT_SANDBOXING = YES;
				GCC_C_LANGUAGE_STANDARD = gnu17;
				GCC_NO_COMMON_BLOCKS = YES;
				GCC_WARN_64_TO_32_BIT_CONVERSION = YES;
				GCC_WARN_ABOUT_RETURN_TYPE = YES_ERROR;
				GCC_WARN_UNDECLARED_SELECTOR = YES;
				GCC_WARN_UNINITIALIZED_AUTOS = YES_AGGRESSIVE;
				GCC_WARN_UNUSED_FUNCTION = YES;
				GCC_WARN_UNUSED_VARIABLE = YES;
				IPHONEOS_DEPLOYMENT_TARGET = 26.0;
				LOCALIZATION_PREFERS_STRING_CATALOGS = YES;
				MTL_ENABLE_DEBUG_INFO = NO;
				MTL_FAST_MATH = YES;
				SDKROOT = iphoneos;
				SWIFT_COMPILATION_MODE = wholemodule;
				VALIDATE_PRODUCT = YES;
			};
			name = Release;
		};
		E3E03A032E7B9D8F00B14711 /* Debug */ = {
			isa = XCBuildConfiguration;
			buildSettings = {
				ASSETCATALOG_COMPILER_APPICON_NAME = AppIcon;
				ASSETCATALOG_COMPILER_GLOBAL_ACCENT_COLOR_NAME = AccentColor;
				CODE_SIGN_STYLE = Automatic;
				CURRENT_PROJECT_VERSION = 1;
				ENABLE_PREVIEWS = YES;
				GENERATE_INFOPLIST_FILE = YES;
				INFOPLIST_KEY_UIApplicationSceneManifest_Generation = YES;
				INFOPLIST_KEY_UIApplicationSupportsIndirectInputEvents = YES;
				INFOPLIST_KEY_UILaunchScreen_Generation = YES;
				INFOPLIST_KEY_UISupportedInterfaceOrientations_iPad = "UIInterfaceOrientationPortrait UIInterfaceOrientationPortraitUpsideDown UIInterfaceOrientationLandscapeLeft UIInterfaceOrientationLandscapeRight";
				INFOPLIST_KEY_UISupportedInterfaceOrientations_iPhone = "UIInterfaceOrientationPortrait UIInterfaceOrientationLandscapeLeft UIInterfaceOrientationLandscapeRight";
				LD_RUNPATH_SEARCH_PATHS = (
					"$(inherited)",
					"@executable_path/Frameworks",
				);
				MARKETING_VERSION = 1.0;
				PRODUCT_BUNDLE_IDENTIFIER = "com.daniellidman.Moonshot-Daniel";
				PRODUCT_NAME = "$(TARGET_NAME)";
				STRING_CATALOG_GENERATE_SYMBOLS = YES;
				SWIFT_APPROACHABLE_CONCURRENCY = YES;
				SWIFT_DEFAULT_ACTOR_ISOLATION = MainActor;
				SWIFT_EMIT_LOC_STRINGS = YES;
				SWIFT_UPCOMING_FEATURE_MEMBER_IMPORT_VISIBILITY = YES;
				SWIFT_VERSION = 5.0;
				TARGETED_DEVICE_FAMILY = "1,2";
			};
			name = Debug;
		};
		E3E03A042E7B9D8F00B14711 /* Release */ = {
			isa = XCBuildConfiguration;
			buildSettings = {
				ASSETCATALOG_COMPILER_APPICON_NAME = AppIcon;
				ASSETCATALOG_COMPILER_GLOBAL_ACCENT_COLOR_NAME = AccentColor;
				CODE_SIGN_STYLE = Automatic;
				CURRENT_PROJECT_VERSION = 1;
				ENABLE_PREVIEWS = YES;
				GENERATE_INFOPLIST_FILE = YES;
				INFOPLIST_KEY_UIApplicationSceneManifest_Generation = YES;
				INFOPLIST_KEY_UIApplicationSupportsIndirectInputEvents = YES;
				INFOPLIST_KEY_UILaunchScreen_Generation = YES;
				INFOPLIST_KEY_UISupportedInterfaceOrientations_iPad = "UIInterfaceOrientationPortrait UIInterfaceOrientationPortraitUpsideDown UIInterfaceOrientationLandscapeLeft UIInterfaceOrientationLandscapeRight";
				INFOPLIST_KEY_UISupportedInterfaceOrientations_iPhone = "UIInterfaceOrientationPortrait UIInterfaceOrientationLandscapeLeft UIInterfaceOrientationLandscapeRight";
				LD_RUNPATH_SEARCH_PATHS = (
					"$(inherited)",
					"@executable_path/Frameworks",
				);
				MARKETING_VERSION = 1.0;
				PRODUCT_BUNDLE_IDENTIFIER = "com.daniellidman.Moonshot-Daniel";
				PRODUCT_NAME = "$(TARGET_NAME)";
				STRING_CATALOG_GENERATE_SYMBOLS = YES;
				SWIFT_APPROACHABLE_CONCURRENCY = YES;
				SWIFT_DEFAULT_ACTOR_ISOLATION = MainActor;
				SWIFT_EMIT_LOC_STRINGS = YES;
				SWIFT_UPCOMING_FEATURE_MEMBER_IMPORT_VISIBILITY = YES;
				SWIFT_VERSION = 5.0;
				TARGETED_DEVICE_FAMILY = "1,2";
			};
			name = Release;
		};
		E3E03A062E7B9D8F00B14711 /* Debug */ = {
			isa = XCBuildConfiguration;
			buildSettings = {
				BUNDLE_LOADER = "$(TEST_HOST)";
				CODE_SIGN_STYLE = Automatic;
				CURRENT_PROJECT_VERSION = 1;
				GENERATE_INFOPLIST_FILE = YES;
				IPHONEOS_DEPLOYMENT_TARGET = 26.0;
				MARKETING_VERSION = 1.0;
				PRODUCT_BUNDLE_IDENTIFIER = "com.daniellidman.Moonshot-DanielTests";
				PRODUCT_NAME = "$(TARGET_NAME)";
				STRING_CATALOG_GENERATE_SYMBOLS = NO;
				SWIFT_APPROACHABLE_CONCURRENCY = YES;
				SWIFT_EMIT_LOC_STRINGS = NO;
				SWIFT_UPCOMING_FEATURE_MEMBER_IMPORT_VISIBILITY = YES;
				SWIFT_VERSION = 5.0;
				TARGETED_DEVICE_FAMILY = "1,2";
				TEST_HOST = "$(BUILT_PRODUCTS_DIR)/Moonshot Daniel.app/$(BUNDLE_EXECUTABLE_FOLDER_PATH)/Moonshot Daniel";
			};
			name = Debug;
		};
		E3E03A072E7B9D8F00B14711 /* Release */ = {
			isa = XCBuildConfiguration;
			buildSettings = {
				BUNDLE_LOADER = "$(TEST_HOST)";
				CODE_SIGN_STYLE = Automatic;
				CURRENT_PROJECT_VERSION = 1;
				GENERATE_INFOPLIST_FILE = YES;
				IPHONEOS_DEPLOYMENT_TARGET = 26.0;
				MARKETING_VERSION = 1.0;
				PRODUCT_BUNDLE_IDENTIFIER = "com.daniellidman.Moonshot-DanielTests";
				PRODUCT_NAME = "$(TARGET_NAME)";
				STRING_CATALOG_GENERATE_SYMBOLS = NO;
				SWIFT_APPROACHABLE_CONCURRENCY = YES;
				SWIFT_EMIT_LOC_STRINGS = NO;
				SWIFT_UPCOMING_FEATURE_MEMBER_IMPORT_VISIBILITY = YES;
				SWIFT_VERSION = 5.0;
				TARGETED_DEVICE_FAMILY = "1,2";
				TEST_HOST = "$(BUILT_PRODUCTS_DIR)/Moonshot Daniel.app/$(BUNDLE_EXECUTABLE_FOLDER_PATH)/Moonshot Daniel";
			};
			name = Release;
		};
		E3E03A092E7B9D8F00B14711 /* Debug */ = {
			isa = XCBuildConfiguration;
			buildSettings = {
				CODE_SIGN_STYLE = Automatic;
				CURRENT_PROJECT_VERSION = 1;
				GENERATE_INFOPLIST_FILE = YES;
				MARKETING_VERSION = 1.0;
				PRODUCT_BUNDLE_IDENTIFIER = "com.daniellidman.Moonshot-DanielUITests";
				PRODUCT_NAME = "$(TARGET_NAME)";
				STRING_CATALOG_GENERATE_SYMBOLS = NO;
				SWIFT_APPROACHABLE_CONCURRENCY = YES;
				SWIFT_EMIT_LOC_STRINGS = NO;
				SWIFT_UPCOMING_FEATURE_MEMBER_IMPORT_VISIBILITY = YES;
				SWIFT_VERSION = 5.0;
				TARGETED_DEVICE_FAMILY = "1,2";
				TEST_TARGET_NAME = "Moonshot Daniel";
			};
			name = Debug;
		};
		E3E03A0A2E7B9D8F00B14711 /* Release */ = {
			isa = XCBuildConfiguration;
			buildSettings = {
				CODE_SIGN_STYLE = Automatic;
				CURRENT_PROJECT_VERSION = 1;
				GENERATE_INFOPLIST_FILE = YES;
				MARKETING_VERSION = 1.0;
				PRODUCT_BUNDLE_IDENTIFIER = "com.daniellidman.Moonshot-DanielUITests";
				PRODUCT_NAME = "$(TARGET_NAME)";
				STRING_CATALOG_GENERATE_SYMBOLS = NO;
				SWIFT_APPROACHABLE_CONCURRENCY = YES;
				SWIFT_EMIT_LOC_STRINGS = NO;
				SWIFT_UPCOMING_FEATURE_MEMBER_IMPORT_VISIBILITY = YES;
				SWIFT_VERSION = 5.0;
				TARGETED_DEVICE_FAMILY = "1,2";
				TEST_TARGET_NAME = "Moonshot Daniel";
			};
			name = Release;
		};
/* End XCBuildConfiguration section */

/* Begin XCConfigurationList section */
		E3E039DC2E7B9D8D00B14711 /* Build configuration list for PBXProject "Moonshot Daniel" */ = {
			isa = XCConfigurationList;
			buildConfigurations = (
				E3E03A002E7B9D8F00B14711 /* Debug */,
				E3E03A012E7B9D8F00B14711 /* Release */,
			);
			defaultConfigurationIsVisible = 0;
			defaultConfigurationName = Release;
		};
		E3E03A022E7B9D8F00B14711 /* Build configuration list for PBXNativeTarget "Moonshot Daniel" */ = {
			isa = XCConfigurationList;
			buildConfigurations = (
				E3E03A032E7B9D8F00B14711 /* Debug */,
				E3E03A042E7B9D8F00B14711 /* Release */,
			);
			defaultConfigurationIsVisible = 0;
			defaultConfigurationName = Release;
		};
		E3E03A052E7B9D8F00B14711 /* Build configuration list for PBXNativeTarget "Moonshot DanielTests" */ = {
			isa = XCConfigurationList;
			buildConfigurations = (
				E3E03A062E7B9D8F00B14711 /* Debug */,
				E3E03A072E7B9D8F00B14711 /* Release */,
			);
			defaultConfigurationIsVisible = 0;
			defaultConfigurationName = Release;
		};
		E3E03A082E7B9D8F00B14711 /* Build configuration list for PBXNativeTarget "Moonshot DanielUITests" */ = {
			isa = XCConfigurationList;
			buildConfigurations = (
				E3E03A092E7B9D8F00B14711 /* Debug */,
				E3E03A0A2E7B9D8F00B14711 /* Release */,
			);
			defaultConfigurationIsVisible = 0;
			defaultConfigurationName = Release;
		};
/* End XCConfigurationList section */
	};
	rootObject = E3E039D92E7B9D8D00B14711 /* Project object */;
}
