// !$*UTF8*$!
{
	archiveVersion = 1;
	classes = {
	};
	objectVersion = 77;
	objects = {

/* Begin PBXContainerItemProxy section */
		E330677F2E7477F000ADFC73 /* PBXContainerItemProxy */ = {
			isa = PBXContainerItemProxy;
			containerPortal = E33067692E7477EE00ADFC73 /* Project object */;
			proxyType = 1;
			remoteGlobalIDString = E33067702E7477EF00ADFC73;
			remoteInfo = "Project 6-Animations";
		};
		E33067892E7477F000ADFC73 /* PBXContainerItemProxy */ = {
			isa = PBXContainerItemProxy;
			containerPortal = E33067692E7477EE00ADFC73 /* Project object */;
			proxyType = 1;
			remoteGlobalIDString = E33067702E7477EF00ADFC73;
			remoteInfo = "Project 6-Animations";
		};
/* End PBXContainerItemProxy section */

/* Begin PBXFileReference section */
		E33067712E7477EF00ADFC73 /* Project 6-Animations.app */ = {isa = PBXFileReference; explicitFileType = wrapper.application; includeInIndex = 0; path = "Project 6-Animations.app"; sourceTree = BUILT_PRODUCTS_DIR; };
		E330677E2E7477F000ADFC73 /* Project 6-AnimationsTests.xctest */ = {isa = PBXFileReference; explicitFileType = wrapper.cfbundle; includeInIndex = 0; path = "Project 6-AnimationsTests.xctest"; sourceTree = BUILT_PRODUCTS_DIR; };
		E33067882E7477F000ADFC73 /* Project 6-AnimationsUITests.xctest */ = {isa = PBXFileReference; explicitFileType = wrapper.cfbundle; includeInIndex = 0; path = "Project 6-AnimationsUITests.xctest"; sourceTree = BUILT_PRODUCTS_DIR; };
/* End PBXFileReference section */

/* Begin PBXFileSystemSynchronizedRootGroup section */
		E33067732E7477EF00ADFC73 /* Project 6-Animations */ = {
			isa = PBXFileSystemSynchronizedRootGroup;
			path = "Project 6-Animations";
			sourceTree = "<group>";
		};
		E33067812E7477F000ADFC73 /* Project 6-AnimationsTests */ = {
			isa = PBXFileSystemSynchronizedRootGroup;
			path = "Project 6-AnimationsTests";
			sourceTree = "<group>";
		};
		E330678B2E7477F000ADFC73 /* Project 6-AnimationsUITests */ = {
			isa = PBXFileSystemSynchronizedRootGroup;
			path = "Project 6-AnimationsUITests";
			sourceTree = "<group>";
		};
/* End PBXFileSystemSynchronizedRootGroup section */

/* Begin PBXFrameworksBuildPhase section */
		E330676E2E7477EF00ADFC73 /* Frameworks */ = {
			isa = PBXFrameworksBuildPhase;
			buildActionMask = 2147483647;
			files = (
			);
			runOnlyForDeploymentPostprocessing = 0;
		};
		E330677B2E7477F000ADFC73 /* Frameworks */ = {
			isa = PBXFrameworksBuildPhase;
			buildActionMask = 2147483647;
			files = (
			);
			runOnlyForDeploymentPostprocessing = 0;
		};
		E33067852E7477F000ADFC73 /* Frameworks */ = {
			isa = PBXFrameworksBuildPhase;
			buildActionMask = 2147483647;
			files = (
			);
			runOnlyForDeploymentPostprocessing = 0;
		};
/* End PBXFrameworksBuildPhase section */

/* Begin PBXGroup section */
		E33067682E7477EE00ADFC73 = {
			isa = PBXGroup;
			children = (
				E33067732E7477EF00ADFC73 /* Project 6-Animations */,
				E33067812E7477F000ADFC73 /* Project 6-AnimationsTests */,
				E330678B2E7477F000ADFC73 /* Project 6-AnimationsUITests */,
				E33067722E7477EF00ADFC73 /* Products */,
			);
			sourceTree = "<group>";
		};
		E33067722E7477EF00ADFC73 /* Products */ = {
			isa = PBXGroup;
			children = (
				E33067712E7477EF00ADFC73 /* Project 6-Animations.app */,
				E330677E2E7477F000ADFC73 /* Project 6-AnimationsTests.xctest */,
				E33067882E7477F000ADFC73 /* Project 6-AnimationsUITests.xctest */,
			);
			name = Products;
			sourceTree = "<group>";
		};
/* End PBXGroup section */

/* Begin PBXNativeTarget section */
		E33067702E7477EF00ADFC73 /* Project 6-Animations */ = {
			isa = PBXNativeTarget;
			buildConfigurationList = E33067922E7477F000ADFC73 /* Build configuration list for PBXNativeTarget "Project 6-Animations" */;
			buildPhases = (
				E330676D2E7477EF00ADFC73 /* Sources */,
				E330676E2E7477EF00ADFC73 /* Frameworks */,
				E330676F2E7477EF00ADFC73 /* Resources */,
			);
			buildRules = (
			);
			dependencies = (
			);
			fileSystemSynchronizedGroups = (
				E33067732E7477EF00ADFC73 /* Project 6-Animations */,
			);
			name = "Project 6-Animations";
			packageProductDependencies = (
			);
			productName = "Project 6-Animations";
			productReference = E33067712E7477EF00ADFC73 /* Project 6-Animations.app */;
			productType = "com.apple.product-type.application";
		};
		E330677D2E7477F000ADFC73 /* Project 6-AnimationsTests */ = {
			isa = PBXNativeTarget;
			buildConfigurationList = E33067952E7477F000ADFC73 /* Build configuration list for PBXNativeTarget "Project 6-AnimationsTests" */;
			buildPhases = (
				E330677A2E7477F000ADFC73 /* Sources */,
				E330677B2E7477F000ADFC73 /* Frameworks */,
				E330677C2E7477F000ADFC73 /* Resources */,
			);
			buildRules = (
			);
			dependencies = (
				E33067802E7477F000ADFC73 /* PBXTargetDependency */,
			);
			fileSystemSynchronizedGroups = (
				E33067812E7477F000ADFC73 /* Project 6-AnimationsTests */,
			);
			name = "Project 6-AnimationsTests";
			packageProductDependencies = (
			);
			productName = "Project 6-AnimationsTests";
			productReference = E330677E2E7477F000ADFC73 /* Project 6-AnimationsTests.xctest */;
			productType = "com.apple.product-type.bundle.unit-test";
		};
		E33067872E7477F000ADFC73 /* Project 6-AnimationsUITests */ = {
			isa = PBXNativeTarget;
			buildConfigurationList = E33067982E7477F000ADFC73 /* Build configuration list for PBXNativeTarget "Project 6-AnimationsUITests" */;
			buildPhases = (
				E33067842E7477F000ADFC73 /* Sources */,
				E33067852E7477F000ADFC73 /* Frameworks */,
				E33067862E7477F000ADFC73 /* Resources */,
			);
			buildRules = (
			);
			dependencies = (
				E330678A2E7477F000ADFC73 /* PBXTargetDependency */,
			);
			fileSystemSynchronizedGroups = (
				E330678B2E7477F000ADFC73 /* Project 6-AnimationsUITests */,
			);
			name = "Project 6-AnimationsUITests";
			packageProductDependencies = (
			);
			productName = "Project 6-AnimationsUITests";
			productReference = E33067882E7477F000ADFC73 /* Project 6-AnimationsUITests.xctest */;
			productType = "com.apple.product-type.bundle.ui-testing";
		};
/* End PBXNativeTarget section */

/* Begin PBXProject section */
		E33067692E7477EE00ADFC73 /* Project object */ = {
			isa = PBXProject;
			attributes = {
				BuildIndependentTargetsInParallel = 1;
				LastSwiftUpdateCheck = 1640;
				LastUpgradeCheck = 1640;
				TargetAttributes = {
					E33067702E7477EF00ADFC73 = {
						CreatedOnToolsVersion = 16.4;
					};
					E330677D2E7477F000ADFC73 = {
						CreatedOnToolsVersion = 16.4;
						TestTargetID = E33067702E7477EF00ADFC73;
					};
					E33067872E7477F000ADFC73 = {
						CreatedOnToolsVersion = 16.4;
						TestTargetID = E33067702E7477EF00ADFC73;
					};
				};
			};
			buildConfigurationList = E330676C2E7477EE00ADFC73 /* Build configuration list for PBXProject "Project 6-Animations" */;
			developmentRegion = en;
			hasScannedForEncodings = 0;
			knownRegions = (
				en,
				Base,
			);
			mainGroup = E33067682E7477EE00ADFC73;
			minimizedProjectReferenceProxies = 1;
			preferredProjectObjectVersion = 77;
			productRefGroup = E33067722E7477EF00ADFC73 /* Products */;
			projectDirPath = "";
			projectRoot = "";
			targets = (
				E33067702E7477EF00ADFC73 /* Project 6-Animations */,
				E330677D2E7477F000ADFC73 /* Project 6-AnimationsTests */,
				E33067872E7477F000ADFC73 /* Project 6-AnimationsUITests */,
			);
		};
/* End PBXProject section */

/* Begin PBXResourcesBuildPhase section */
		E330676F2E7477EF00ADFC73 /* Resources */ = {
			isa = PBXResourcesBuildPhase;
			buildActionMask = 2147483647;
			files = (
			);
			runOnlyForDeploymentPostprocessing = 0;
		};
		E330677C2E7477F000ADFC73 /* Resources */ = {
			isa = PBXResourcesBuildPhase;
			buildActionMask = 2147483647;
			files = (
			);
			runOnlyForDeploymentPostprocessing = 0;
		};
		E33067862E7477F000ADFC73 /* Resources */ = {
			isa = PBXResourcesBuildPhase;
			buildActionMask = 2147483647;
			files = (
			);
			runOnlyForDeploymentPostprocessing = 0;
		};
/* End PBXResourcesBuildPhase section */

/* Begin PBXSourcesBuildPhase section */
		E330676D2E7477EF00ADFC73 /* Sources */ = {
			isa = PBXSourcesBuildPhase;
			buildActionMask = 2147483647;
			files = (
			);
			runOnlyForDeploymentPostprocessing = 0;
		};
		E330677A2E7477F000ADFC73 /* Sources */ = {
			isa = PBXSourcesBuildPhase;
			buildActionMask = 2147483647;
			files = (
			);
			runOnlyForDeploymentPostprocessing = 0;
		};
		E33067842E7477F000ADFC73 /* Sources */ = {
			isa = PBXSourcesBuildPhase;
			buildActionMask = 2147483647;
			files = (
			);
			runOnlyForDeploymentPostprocessing = 0;
		};
/* End PBXSourcesBuildPhase section */

/* Begin PBXTargetDependency section */
		E33067802E7477F000ADFC73 /* PBXTargetDependency */ = {
			isa = PBXTargetDependency;
			target = E33067702E7477EF00ADFC73 /* Project 6-Animations */;
			targetProxy = E330677F2E7477F000ADFC73 /* PBXContainerItemProxy */;
		};
		E330678A2E7477F000ADFC73 /* PBXTargetDependency */ = {
			isa = PBXTargetDependency;
			target = E33067702E7477EF00ADFC73 /* Project 6-Animations */;
			targetProxy = E33067892E7477F000ADFC73 /* PBXContainerItemProxy */;
		};
/* End PBXTargetDependency section */

/* Begin XCBuildConfiguration section */
		E33067902E7477F000ADFC73 /* Debug */ = {
			isa = XCBuildConfiguration;
			buildSettings = {
				ALWAYS_SEARCH_USER_PATHS = NO;
				ASSETCATALOG_COMPILER_GENERATE_SWIFT_ASSET_SYMBOL_EXTENSIONS = YES;
				CLANG_ANALYZER_NONNULL = YES;
				CLANG_ANALYZER_NUMBER_OBJECT_CONVERSION = YES_AGGRESSIVE;
				CLANG_CXX_LANGUAGE_STANDARD = "gnu++20";
				CLANG_ENABLE_MODULES = YES;
				CLANG_ENABLE_OBJC_ARC = YES;
				CLANG_ENABLE_OBJC_WEAK = YES;
				CLANG_WARN_BLOCK_CAPTURE_AUTORELEASING = YES;
				CLANG_WARN_BOOL_CONVERSION = YES;
				CLANG_WARN_COMMA = YES;
				CLANG_WARN_CONSTANT_CONVERSION = YES;
				CLANG_WARN_DEPRECATED_OBJC_IMPLEMENTATIONS = YES;
				CLANG_WARN_DIRECT_OBJC_ISA_USAGE = YES_ERROR;
				CLANG_WARN_DOCUMENTATION_COMMENTS = YES;
				CLANG_WARN_EMPTY_BODY = YES;
				CLANG_WARN_ENUM_CONVERSION = YES;
				CLANG_WARN_INFINITE_RECURSION = YES;
				CLANG_WARN_INT_CONVERSION = YES;
				CLANG_WARN_NON_LITERAL_NULL_CONVERSION = YES;
				CLANG_WARN_OBJC_IMPLICIT_RETAIN_SELF = YES;
				CLANG_WARN_OBJC_LITERAL_CONVERSION = YES;
				CLANG_WARN_OBJC_ROOT_CLASS = YES_ERROR;
				CLANG_WARN_QUOTED_INCLUDE_IN_FRAMEWORK_HEADER = YES;
				CLANG_WARN_RANGE_LOOP_ANALYSIS = YES;
				CLANG_WARN_STRICT_PROTOTYPES = YES;
				CLANG_WARN_SUSPICIOUS_MOVE = YES;
				CLANG_WARN_UNGUARDED_AVAILABILITY = YES_AGGRESSIVE;
				CLANG_WARN_UNREACHABLE_CODE = YES;
				CLANG_WARN__DUPLICATE_METHOD_MATCH = YES;
				COPY_PHASE_STRIP = NO;
				DEBUG_INFORMATION_FORMAT = dwarf;
				ENABLE_STRICT_OBJC_MSGSEND = YES;
				ENABLE_TESTABILITY = YES;
				ENABLE_USER_SCRIPT_SANDBOXING = YES;
				GCC_C_LANGUAGE_STANDARD = gnu17;
				GCC_DYNAMIC_NO_PIC = NO;
				GCC_NO_COMMON_BLOCKS = YES;
				GCC_OPTIMIZATION_LEVEL = 0;
				GCC_PREPROCESSOR_DEFINITIONS = (
					"DEBUG=1",
					"$(inherited)",
				);
				GCC_WARN_64_TO_32_BIT_CONVERSION = YES;
				GCC_WARN_ABOUT_RETURN_TYPE = YES_ERROR;
				GCC_WARN_UNDECLARED_SELECTOR = YES;
				GCC_WARN_UNINITIALIZED_AUTOS = YES_AGGRESSIVE;
				GCC_WARN_UNUSED_FUNCTION = YES;
				GCC_WARN_UNUSED_VARIABLE = YES;
				IPHONEOS_DEPLOYMENT_TARGET = 18.5;
				LOCALIZATION_PREFERS_STRING_CATALOGS = YES;
				MTL_ENABLE_DEBUG_INFO = INCLUDE_SOURCE;
				MTL_FAST_MATH = YES;
				ONLY_ACTIVE_ARCH = YES;
				SDKROOT = iphoneos;
				SWIFT_ACTIVE_COMPILATION_CONDITIONS = "DEBUG $(inherited)";
				SWIFT_OPTIMIZATION_LEVEL = "-Onone";
			};
			name = Debug;
		};
		E33067912E7477F000ADFC73 /* Release */ = {
			isa = XCBuildConfiguration;
			buildSettings = {
				ALWAYS_SEARCH_USER_PATHS = NO;
				ASSETCATALOG_COMPILER_GENERATE_SWIFT_ASSET_SYMBOL_EXTENSIONS = YES;
				CLANG_ANALYZER_NONNULL = YES;
				CLANG_ANALYZER_NUMBER_OBJECT_CONVERSION = YES_AGGRESSIVE;
				CLANG_CXX_LANGUAGE_STANDARD = "gnu++20";
				CLANG_ENABLE_MODULES = YES;
				CLANG_ENABLE_OBJC_ARC = YES;
				CLANG_ENABLE_OBJC_WEAK = YES;
				CLANG_WARN_BLOCK_CAPTURE_AUTORELEASING = YES;
				CLANG_WARN_BOOL_CONVERSION = YES;
				CLANG_WARN_COMMA = YES;
				CLANG_WARN_CONSTANT_CONVERSION = YES;
				CLANG_WARN_DEPRECATED_OBJC_IMPLEMENTATIONS = YES;
				CLANG_WARN_DIRECT_OBJC_ISA_USAGE = YES_ERROR;
				CLANG_WARN_DOCUMENTATION_COMMENTS = YES;
				CLANG_WARN_EMPTY_BODY = YES;
				CLANG_WARN_ENUM_CONVERSION = YES;
				CLANG_WARN_INFINITE_RECURSION = YES;
				CLANG_WARN_INT_CONVERSION = YES;
				CLANG_WARN_NON_LITERAL_NULL_CONVERSION = YES;
				CLANG_WARN_OBJC_IMPLICIT_RETAIN_SELF = YES;
				CLANG_WARN_OBJC_LITERAL_CONVERSION = YES;
				CLANG_WARN_OBJC_ROOT_CLASS = YES_ERROR;
				CLANG_WARN_QUOTED_INCLUDE_IN_FRAMEWORK_HEADER = YES;
				CLANG_WARN_RANGE_LOOP_ANALYSIS = YES;
				CLANG_WARN_STRICT_PROTOTYPES = YES;
				CLANG_WARN_SUSPICIOUS_MOVE = YES;
				CLANG_WARN_UNGUARDED_AVAILABILITY = YES_AGGRESSIVE;
				CLANG_WARN_UNREACHABLE_CODE = YES;
				CLANG_WARN__DUPLICATE_METHOD_MATCH = YES;
				COPY_PHASE_STRIP = NO;
				DEBUG_INFORMATION_FORMAT = "dwarf-with-dsym";
				ENABLE_NS_ASSERTIONS = NO;
				ENABLE_STRICT_OBJC_MSGSEND = YES;
				ENABLE_USER_SCRIPT_SANDBOXING = YES;
				GCC_C_LANGUAGE_STANDARD = gnu17;
				GCC_NO_COMMON_BLOCKS = YES;
				GCC_WARN_64_TO_32_BIT_CONVERSION = YES;
				GCC_WARN_ABOUT_RETURN_TYPE = YES_ERROR;
				GCC_WARN_UNDECLARED_SELECTOR = YES;
				GCC_WARN_UNINITIALIZED_AUTOS = YES_AGGRESSIVE;
				GCC_WARN_UNUSED_FUNCTION = YES;
				GCC_WARN_UNUSED_VARIABLE = YES;
				IPHONEOS_DEPLOYMENT_TARGET = 18.5;
				LOCALIZATION_PREFERS_STRING_CATALOGS = YES;
				MTL_ENABLE_DEBUG_INFO = NO;
				MTL_FAST_MATH = YES;
				SDKROOT = iphoneos;
				SWIFT_COMPILATION_MODE = wholemodule;
				VALIDATE_PRODUCT = YES;
			};
			name = Release;
		};
		E33067932E7477F000ADFC73 /* Debug */ = {
			isa = XCBuildConfiguration;
			buildSettings = {
				ASSETCATALOG_COMPILER_APPICON_NAME = AppIcon;
				ASSETCATALOG_COMPILER_GLOBAL_ACCENT_COLOR_NAME = AccentColor;
				CODE_SIGN_STYLE = Automatic;
				CURRENT_PROJECT_VERSION = 1;
				ENABLE_PREVIEWS = YES;
				GENERATE_INFOPLIST_FILE = YES;
				INFOPLIST_KEY_UIApplicationSceneManifest_Generation = YES;
				INFOPLIST_KEY_UIApplicationSupportsIndirectInputEvents = YES;
				INFOPLIST_KEY_UILaunchScreen_Generation = YES;
				INFOPLIST_KEY_UISupportedInterfaceOrientations_iPad = "UIInterfaceOrientationPortrait UIInterfaceOrientationPortraitUpsideDown UIInterfaceOrientationLandscapeLeft UIInterfaceOrientationLandscapeRight";
				INFOPLIST_KEY_UISupportedInterfaceOrientations_iPhone = "UIInterfaceOrientationPortrait UIInterfaceOrientationLandscapeLeft UIInterfaceOrientationLandscapeRight";
				LD_RUNPATH_SEARCH_PATHS = (
					"$(inherited)",
					"@executable_path/Frameworks",
				);
				MARKETING_VERSION = 1.0;
				PRODUCT_BUNDLE_IDENTIFIER = "com.daniellidman.Project-6-Animations";
				PRODUCT_NAME = "$(TARGET_NAME)";
				SWIFT_EMIT_LOC_STRINGS = YES;
				SWIFT_VERSION = 5.0;
				TARGETED_DEVICE_FAMILY = "1,2";
			};
			name = Debug;
		};
		E33067942E7477F000ADFC73 /* Release */ = {
			isa = XCBuildConfiguration;
			buildSettings = {
				ASSETCATALOG_COMPILER_APPICON_NAME = AppIcon;
				ASSETCATALOG_COMPILER_GLOBAL_ACCENT_COLOR_NAME = AccentColor;
				CODE_SIGN_STYLE = Automatic;
				CURRENT_PROJECT_VERSION = 1;
				ENABLE_PREVIEWS = YES;
				GENERATE_INFOPLIST_FILE = YES;
				INFOPLIST_KEY_UIApplicationSceneManifest_Generation = YES;
				INFOPLIST_KEY_UIApplicationSupportsIndirectInputEvents = YES;
				INFOPLIST_KEY_UILaunchScreen_Generation = YES;
				INFOPLIST_KEY_UISupportedInterfaceOrientations_iPad = "UIInterfaceOrientationPortrait UIInterfaceOrientationPortraitUpsideDown UIInterfaceOrientationLandscapeLeft UIInterfaceOrientationLandscapeRight";
				INFOPLIST_KEY_UISupportedInterfaceOrientations_iPhone = "UIInterfaceOrientationPortrait UIInterfaceOrientationLandscapeLeft UIInterfaceOrientationLandscapeRight";
				LD_RUNPATH_SEARCH_PATHS = (
					"$(inherited)",
					"@executable_path/Frameworks",
				);
				MARKETING_VERSION = 1.0;
				PRODUCT_BUNDLE_IDENTIFIER = "com.daniellidman.Project-6-Animations";
				PRODUCT_NAME = "$(TARGET_NAME)";
				SWIFT_EMIT_LOC_STRINGS = YES;
				SWIFT_VERSION = 5.0;
				TARGETED_DEVICE_FAMILY = "1,2";
			};
			name = Release;
		};
		E33067962E7477F000ADFC73 /* Debug */ = {
			isa = XCBuildConfiguration;
			buildSettings = {
				BUNDLE_LOADER = "$(TEST_HOST)";
				CODE_SIGN_STYLE = Automatic;
				CURRENT_PROJECT_VERSION = 1;
				GENERATE_INFOPLIST_FILE = YES;
				IPHONEOS_DEPLOYMENT_TARGET = 18.5;
				MARKETING_VERSION = 1.0;
				PRODUCT_BUNDLE_IDENTIFIER = "com.daniellidman.Project-6-AnimationsTests";
				PRODUCT_NAME = "$(TARGET_NAME)";
				SWIFT_EMIT_LOC_STRINGS = NO;
				SWIFT_VERSION = 5.0;
				TARGETED_DEVICE_FAMILY = "1,2";
				TEST_HOST = "$(BUILT_PRODUCTS_DIR)/Project 6-Animations.app/$(BUNDLE_EXECUTABLE_FOLDER_PATH)/Project 6-Animations";
			};
			name = Debug;
		};
		E33067972E7477F000ADFC73 /* Release */ = {
			isa = XCBuildConfiguration;
			buildSettings = {
				BUNDLE_LOADER = "$(TEST_HOST)";
				CODE_SIGN_STYLE = Automatic;
				CURRENT_PROJECT_VERSION = 1;
				GENERATE_INFOPLIST_FILE = YES;
				IPHONEOS_DEPLOYMENT_TARGET = 18.5;
				MARKETING_VERSION = 1.0;
				PRODUCT_BUNDLE_IDENTIFIER = "com.daniellidman.Project-6-AnimationsTests";
				PRODUCT_NAME = "$(TARGET_NAME)";
				SWIFT_EMIT_LOC_STRINGS = NO;
				SWIFT_VERSION = 5.0;
				TARGETED_DEVICE_FAMILY = "1,2";
				TEST_HOST = "$(BUILT_PRODUCTS_DIR)/Project 6-Animations.app/$(BUNDLE_EXECUTABLE_FOLDER_PATH)/Project 6-Animations";
			};
			name = Release;
		};
		E33067992E7477F000ADFC73 /* Debug */ = {
			isa = XCBuildConfiguration;
			buildSettings = {
				CODE_SIGN_STYLE = Automatic;
				CURRENT_PROJECT_VERSION = 1;
				GENERATE_INFOPLIST_FILE = YES;
				MARKETING_VERSION = 1.0;
				PRODUCT_BUNDLE_IDENTIFIER = "com.daniellidman.Project-6-AnimationsUITests";
				PRODUCT_NAME = "$(TARGET_NAME)";
				SWIFT_EMIT_LOC_STRINGS = NO;
				SWIFT_VERSION = 5.0;
				TARGETED_DEVICE_FAMILY = "1,2";
				TEST_TARGET_NAME = "Project 6-Animations";
			};
			name = Debug;
		};
		E330679A2E7477F000ADFC73 /* Release */ = {
			isa = XCBuildConfiguration;
			buildSettings = {
				CODE_SIGN_STYLE = Automatic;
				CURRENT_PROJECT_VERSION = 1;
				GENERATE_INFOPLIST_FILE = YES;
				MARKETING_VERSION = 1.0;
				PRODUCT_BUNDLE_IDENTIFIER = "com.daniellidman.Project-6-AnimationsUITests";
				PRODUCT_NAME = "$(TARGET_NAME)";
				SWIFT_EMIT_LOC_STRINGS = NO;
				SWIFT_VERSION = 5.0;
				TARGETED_DEVICE_FAMILY = "1,2";
				TEST_TARGET_NAME = "Project 6-Animations";
			};
			name = Release;
		};
/* End XCBuildConfiguration section */

/* Begin XCConfigurationList section */
		E330676C2E7477EE00ADFC73 /* Build configuration list for PBXProject "Project 6-Animations" */ = {
			isa = XCConfigurationList;
			buildConfigurations = (
				E33067902E7477F000ADFC73 /* Debug */,
				E33067912E7477F000ADFC73 /* Release */,
			);
			defaultConfigurationIsVisible = 0;
			defaultConfigurationName = Release;
		};
		E33067922E7477F000ADFC73 /* Build configuration list for PBXNativeTarget "Project 6-Animations" */ = {
			isa = XCConfigurationList;
			buildConfigurations = (
				E33067932E7477F000ADFC73 /* Debug */,
				E33067942E7477F000ADFC73 /* Release */,
			);
			defaultConfigurationIsVisible = 0;
			defaultConfigurationName = Release;
		};
		E33067952E7477F000ADFC73 /* Build configuration list for PBXNativeTarget "Project 6-AnimationsTests" */ = {
			isa = XCConfigurationList;
			buildConfigurations = (
				E33067962E7477F000ADFC73 /* Debug */,
				E33067972E7477F000ADFC73 /* Release */,
			);
			defaultConfigurationIsVisible = 0;
			defaultConfigurationName = Release;
		};
		E33067982E7477F000ADFC73 /* Build configuration list for PBXNativeTarget "Project 6-AnimationsUITests" */ = {
			isa = XCConfigurationList;
			buildConfigurations = (
				E33067992E7477F000ADFC73 /* Debug */,
				E330679A2E7477F000ADFC73 /* Release */,
			);
			defaultConfigurationIsVisible = 0;
			defaultConfigurationName = Release;
		};
/* End XCConfigurationList section */
	};
	rootObject = E33067692E7477EE00ADFC73 /* Project object */;
}
